
Microsoft Visual Studio Solution File, Format Version 12.00
# Visual Studio Version 16
VisualStudioVersion = 16.0.30011.22
MinimumVisualStudioVersion = 10.0.40219.1
Project("{FAE04EC0-301F-11D3-BF4B-00C04F79EFBC}") = "GeneratorUtils.Cli", "GeneratorUtils.Cli\GeneratorUtils.Cli.csproj", "{EAC46887-530F-495A-9EC3-4557AEF309C4}"
EndProject
Project("{FAE04EC0-301F-11D3-BF4B-00C04F79EFBC}") = "GeneratorUtils", "GeneratorUtils\GeneratorUtils.csproj", "{CBB165B0-D579-4C23-8A7B-18898C1B8234}"
EndProject
Global
	GlobalSection(SolutionConfigurationPlatforms) = preSolution
		Debug|Any CPU = Debug|Any CPU
		Release|Any CPU = Release|Any CPU
	EndGlobalSection
	GlobalSection(ProjectConfigurationPlatforms) = postSolution
		{EAC46887-530F-495A-9EC3-4557AEF309C4}.Debug|Any CPU.ActiveCfg = Debug|Any CPU
		{EAC46887-530F-495A-9EC3-4557AEF309C4}.Debug|Any CPU.Build.0 = Debug|Any CPU
		{EAC46887-530F-495A-9EC3-4557AEF309C4}.Release|Any CPU.ActiveCfg = Release|Any CPU
		{EAC46887-530F-495A-9EC3-4557AEF309C4}.Release|Any CPU.Build.0 = Release|Any CPU
		{CBB165B0-D579-4C23-8A7B-18898C1B8234}.Debug|Any CPU.ActiveCfg = Debug|Any CPU
		{CBB165B0-D579-4C23-8A7B-18898C1B8234}.Debug|Any CPU.Build.0 = Debug|Any CPU
		{CBB165B0-D579-4C23-8A7B-18898C1B8234}.Release|Any CPU.ActiveCfg = Release|Any CPU
		{CBB165B0-D579-4C23-8A7B-18898C1B8234}.Release|Any CPU.Build.0 = Release|Any CPU
	EndGlobalSection
	GlobalSection(SolutionProperties) = preSolution
		HideSolutionNode = FALSE
	EndGlobalSection
	GlobalSection(ExtensibilityGlobals) = postSolution
		SolutionGuid = {DF25479F-154A-492D-AECC-F1946418FCF2}
	EndGlobalSection
EndGlobal
